{
  "nodes": {
    "nixpkgs": {
      "locked": {
        "lastModified": 1783088229,
        "narHash": "sha256-fltFLt31fYbfNnqBPVDxR/ND8IkJG/gU8wGw1aOltiM=",
        "owner": "NixOS",
        "repo": "nixpkgs",
        "rev": "b9a49b786b5e715ed5783e1c8d418c6a2b2544ce",
        "type": "github"
      },
      "original": {
        "owner": "NixOS",
        "ref": "master",
        "repo": "nixpkgs",
        "type": "github"
      }
    },
    "root": {
      "inputs": {
        "nixpkgs": "nixpkgs"
      }
    }
  },
  "root": "root",
  "version": 7
}
