{
  "nodes": {
    "nixpkgs": {
      "locked": {
        "lastModified": 1776281567,
        "narHash": "sha256-l7ZkoDcHYidyNNfVk9RPtiMVDM4oEPRnlEUInVX6FMk=",
        "owner": "NixOS",
        "repo": "nixpkgs",
        "rev": "dbbab34fa8876d2c1e42cfb237b2f30fe5f5b1ae",
        "type": "github"
      },
      "original": {
        "owner": "NixOS",
        "ref": "nixos-unstable",
        "repo": "nixpkgs",
        "type": "github"
      }
    },
    "root": {
      "inputs": {
        "nixpkgs": "nixpkgs"
      }
    }
  },
  "root": "root",
  "version": 7
}
